
Microsoft Visual Studio Solution File, Format Version 12.00
# Visual Studio Version 17
VisualStudioVersion = 17.13.35931.197 d17.13
MinimumVisualStudioVersion = 10.0.40219.1
Project("{FAE04EC0-301F-11D3-BF4B-00C04F79EFBC}") = "FaceAuthApp", "FaceAuthApp.csproj", "{B0DD693E-0000-4F49-AB73-DDB1179B172B}"
EndProject
Global
	GlobalSection(SolutionConfigurationPlatforms) = preSolution
		Debug|Any CPU = Debug|Any CPU
		Release|Any CPU = Release|Any CPU
	EndGlobalSection
	GlobalSection(ProjectConfigurationPlatforms) = postSolution
		{B0DD693E-0000-4F49-AB73-DDB1179B172B}.Debug|Any CPU.ActiveCfg = Debug|Any CPU
		{B0DD693E-0000-4F49-AB73-DDB1179B172B}.Debug|Any CPU.Build.0 = Debug|Any CPU
		{B0DD693E-0000-4F49-AB73-DDB1179B172B}.Release|Any CPU.ActiveCfg = Release|Any CPU
		{B0DD693E-0000-4F49-AB73-DDB1179B172B}.Release|Any CPU.Build.0 = Release|Any CPU
	EndGlobalSection
	GlobalSection(SolutionProperties) = preSolution
		HideSolutionNode = FALSE
	EndGlobalSection
	GlobalSection(ExtensibilityGlobals) = postSolution
		SolutionGuid = {35C32A17-9FA4-4032-A019-2E38C0935D33}
	EndGlobalSection
EndGlobal
